
Microsoft Visual Studio Solution File, Format Version 12.00
# Visual Studio Version 17
VisualStudioVersion = 17.5.002.0
MinimumVisualStudioVersion = 10.0.40219.1
Project("{9A19103F-16F7-4668-BE54-9A1E7A4F7556}") = "Chess", "Chess.csproj", "{E5C5E641-53CB-4E42-A128-0F792F88ECBB}"
EndProject
Global
	GlobalSection(SolutionConfigurationPlatforms) = preSolution
		Debug|Any CPU = Debug|Any CPU
		Release|Any CPU = Release|Any CPU
	EndGlobalSection
	GlobalSection(ProjectConfigurationPlatforms) = postSolution
		{E5C5E641-53CB-4E42-A128-0F792F88ECBB}.Debug|Any CPU.ActiveCfg = Debug|Any CPU
		{E5C5E641-53CB-4E42-A128-0F792F88ECBB}.Debug|Any CPU.Build.0 = Debug|Any CPU
		{E5C5E641-53CB-4E42-A128-0F792F88ECBB}.Release|Any CPU.ActiveCfg = Release|Any CPU
		{E5C5E641-53CB-4E42-A128-0F792F88ECBB}.Release|Any CPU.Build.0 = Release|Any CPU
	EndGlobalSection
	GlobalSection(SolutionProperties) = preSolution
		HideSolutionNode = FALSE
	EndGlobalSection
	GlobalSection(ExtensibilityGlobals) = postSolution
		SolutionGuid = {28AA8450-A33C-4FEF-B6CC-045F9E397366}
	EndGlobalSection
EndGlobal
